<?xml version="1.0" encoding="utf-8"?>
<Project ToolsVersion="4.0" xmlns="http://schemas.microsoft.com/developer/msbuild/2003">
  <ItemGroup>
    <Filter Include="Rogue">
      <UniqueIdentifier>{277D090E-9391-31BF-5C13-D51EC8E62DF0}</UniqueIdentifier>
    </Filter>
    <Filter Include="Rogue\Event">
      <UniqueIdentifier>{B8FF570D-24B5-D002-ADA9-CAD9195EC706}</UniqueIdentifier>
    </Filter>
  </ItemGroup>
  <ItemGroup>
    <ClInclude Include="src\Rogue.h" />
    <ClInclude Include="src\Rogue\Application.h">
      <Filter>Rogue</Filter>
    </ClInclude>
    <ClInclude Include="src\Rogue\Core.h">
      <Filter>Rogue</Filter>
    </ClInclude>
    <ClInclude Include="src\Rogue\EntryPoint.h">
      <Filter>Rogue</Filter>
    </ClInclude>
    <ClInclude Include="src\Rogue\Event\ApplicationEvent.h">
      <Filter>Rogue\Event</Filter>
    </ClInclude>
    <ClInclude Include="src\Rogue\Event\Event.h">
      <Filter>Rogue\Event</Filter>
    </ClInclude>
    <ClInclude Include="src\Rogue\Event\KeyEvent.h">
      <Filter>Rogue\Event</Filter>
    </ClInclude>
    <ClInclude Include="src\Rogue\Event\MouseEvent.h">
      <Filter>Rogue\Event</Filter>
    </ClInclude>
    <ClInclude Include="src\Rogue\Log.h">
      <Filter>Rogue</Filter>
    </ClInclude>
  </ItemGroup>
  <ItemGroup>
    <ClCompile Include="src\Rogue\Application.cpp">
      <Filter>Rogue</Filter>
    </ClCompile>
    <ClCompile Include="src\Rogue\Log.cpp">
      <Filter>Rogue</Filter>
    </ClCompile>
  </ItemGroup>
</Project>